// !$*UTF8*$!
{
	archiveVersion = 1;
	classes = {
	};
	objectVersion = 48;
	objects = {

/* Begin PBXBuildFile section */
		8F48AEF91FFDD59E00098A90 /* QWNavigationController.swift in Sources */ = {isa = PBXBuildFile; fileRef = 8F48AEF81FFDD59E00098A90 /* QWNavigationController.swift */; };
		8F48AF011FFDD6C000098A90 /* UIBarButtonItem+Extension.swift in Sources */ = {isa = PBXBuildFile; fileRef = 8F48AF001FFDD6C000098A90 /* UIBarButtonItem+Extension.swift */; };
		8F48AF031FFDDA3100098A90 /* QWTabBarViewController.swift in Sources */ = {isa = PBXBuildFile; fileRef = 8F48AF021FFDDA3100098A90 /* QWTabBarViewController.swift */; };
		8F48AF051FFDDAD000098A90 /* QWHomeTableViewController.swift in Sources */ = {isa = PBXBuildFile; fileRef = 8F48AF041FFDDAD000098A90 /* QWHomeTableViewController.swift */; };
		8F48AF071FFDDAFF00098A90 /* QWDiscoverTableViewController.swift in Sources */ = {isa = PBXBuildFile; fileRef = 8F48AF061FFDDAFF00098A90 /* QWDiscoverTableViewController.swift */; };
		8F48AF091FFDDB1700098A90 /* QWMessageTableViewController.swift in Sources */ = {isa = PBXBuildFile; fileRef = 8F48AF081FFDDB1700098A90 /* QWMessageTableViewController.swift */; };
		8F48AF0B1FFDDB2500098A90 /* QWProfileTableViewController.swift in Sources */ = {isa = PBXBuildFile; fileRef = 8F48AF0A1FFDDB2500098A90 /* QWProfileTableViewController.swift */; };
		8F7870D61FF5EAEB00544903 /* AppDelegate.swift in Sources */ = {isa = PBXBuildFile; fileRef = 8F7870D51FF5EAEB00544903 /* AppDelegate.swift */; };
		8F7870DB1FF5EAEB00544903 /* Main.storyboard in Resources */ = {isa = PBXBuildFile; fileRef = 8F7870D91FF5EAEB00544903 /* Main.storyboard */; };
		8F7870DD1FF5EAEB00544903 /* Assets.xcassets in Resources */ = {isa = PBXBuildFile; fileRef = 8F7870DC1FF5EAEB00544903 /* Assets.xcassets */; };
		8F7870E01FF5EAEB00544903 /* LaunchScreen.storyboard in Resources */ = {isa = PBXBuildFile; fileRef = 8F7870DE1FF5EAEB00544903 /* LaunchScreen.storyboard */; };
		8F7871081FF5ED3E00544903 /* QWTabBar.swift in Sources */ = {isa = PBXBuildFile; fileRef = 8F7871071FF5ED3E00544903 /* QWTabBar.swift */; };
/* End PBXBuildFile section */

/* Begin PBXFileReference section */
		8F48AEF81FFDD59E00098A90 /* QWNavigationController.swift */ = {isa = PBXFileReference; lastKnownFileType = sourcecode.swift; path = QWNavigationController.swift; sourceTree = "<group>"; };
		8F48AF001FFDD6C000098A90 /* UIBarButtonItem+Extension.swift */ = {isa = PBXFileReference; lastKnownFileType = sourcecode.swift; path = "UIBarButtonItem+Extension.swift"; sourceTree = "<group>"; };
		8F48AF021FFDDA3100098A90 /* QWTabBarViewController.swift */ = {isa = PBXFileReference; lastKnownFileType = sourcecode.swift; path = QWTabBarViewController.swift; sourceTree = "<group>"; };
		8F48AF041FFDDAD000098A90 /* QWHomeTableViewController.swift */ = {isa = PBXFileReference; lastKnownFileType = sourcecode.swift; path = QWHomeTableViewController.swift; sourceTree = "<group>"; };
		8F48AF061FFDDAFF00098A90 /* QWDiscoverTableViewController.swift */ = {isa = PBXFileReference; lastKnownFileType = sourcecode.swift; path = QWDiscoverTableViewController.swift; sourceTree = "<group>"; };
		8F48AF081FFDDB1700098A90 /* QWMessageTableViewController.swift */ = {isa = PBXFileReference; lastKnownFileType = sourcecode.swift; path = QWMessageTableViewController.swift; sourceTree = "<group>"; };
		8F48AF0A1FFDDB2500098A90 /* QWProfileTableViewController.swift */ = {isa = PBXFileReference; lastKnownFileType = sourcecode.swift; path = QWProfileTableViewController.swift; sourceTree = "<group>"; };
		8F7870D21FF5EAEB00544903 /* SinaDemo.app */ = {isa = PBXFileReference; explicitFileType = wrapper.application; includeInIndex = 0; path = SinaDemo.app; sourceTree = BUILT_PRODUCTS_DIR; };
		8F7870D51FF5EAEB00544903 /* AppDelegate.swift */ = {isa = PBXFileReference; lastKnownFileType = sourcecode.swift; path = AppDelegate.swift; sourceTree = "<group>"; };
		8F7870DA1FF5EAEB00544903 /* Base */ = {isa = PBXFileReference; lastKnownFileType = file.storyboard; name = Base; path = Base.lproj/Main.storyboard; sourceTree = "<group>"; };
		8F7870DC1FF5EAEB00544903 /* Assets.xcassets */ = {isa = PBXFileReference; lastKnownFileType = folder.assetcatalog; path = Assets.xcassets; sourceTree = "<group>"; };
		8F7870DF1FF5EAEB00544903 /* Base */ = {isa = PBXFileReference; lastKnownFileType = file.storyboard; name = Base; path = Base.lproj/LaunchScreen.storyboard; sourceTree = "<group>"; };
		8F7870E11FF5EAEB00544903 /* Info.plist */ = {isa = PBXFileReference; lastKnownFileType = text.plist.xml; path = Info.plist; sourceTree = "<group>"; };
		8F7871071FF5ED3E00544903 /* QWTabBar.swift */ = {isa = PBXFileReference; lastKnownFileType = sourcecode.swift; path = QWTabBar.swift; sourceTree = "<group>"; };
/* End PBXFileReference section */

/* Begin PBXFrameworksBuildPhase section */
		8F7870CF1FF5EAEB00544903 /* Frameworks */ = {
			isa = PBXFrameworksBuildPhase;
			buildActionMask = 2147483647;
			files = (
			);
			runOnlyForDeploymentPostprocessing = 0;
		};
/* End PBXFrameworksBuildPhase section */

/* Begin PBXGroup section */
		8F48AEFA1FFDD63200098A90 /* Tools */ = {
			isa = PBXGroup;
			children = (
				8F48AEFD1FFDD64700098A90 /* Extension */,
				8F48AEFC1FFDD64400098A90 /* Temp */,
			);
			name = Tools;
			path = SinaDemo/Tools;
			sourceTree = SOURCE_ROOT;
		};
		8F48AEFC1FFDD64400098A90 /* Temp */ = {
			isa = PBXGroup;
			children = (
			);
			name = Temp;
			sourceTree = "<group>";
		};
		8F48AEFD1FFDD64700098A90 /* Extension */ = {
			isa = PBXGroup;
			children = (
				8F48AF001FFDD6C000098A90 /* UIBarButtonItem+Extension.swift */,
			);
			name = Extension;
			sourceTree = "<group>";
		};
		8F7870C91FF5EAEB00544903 = {
			isa = PBXGroup;
			children = (
				8F7870D41FF5EAEB00544903 /* SinaDemo */,
				8F7870D31FF5EAEB00544903 /* Products */,
			);
			sourceTree = "<group>";
		};
		8F7870D31FF5EAEB00544903 /* Products */ = {
			isa = PBXGroup;
			children = (
				8F7870D21FF5EAEB00544903 /* SinaDemo.app */,
			);
			name = Products;
			sourceTree = "<group>";
		};
		8F7870D41FF5EAEB00544903 /* SinaDemo */ = {
			isa = PBXGroup;
			children = (
				8F7870EE1FF5EBD900544903 /* ViewController */,
				8F7870E81FF5EB4000544903 /* Model */,
				8F7870E71FF5EB4000544903 /* ViewModel */,
				8F7870D51FF5EAEB00544903 /* AppDelegate.swift */,
				8F7870D91FF5EAEB00544903 /* Main.storyboard */,
				8F7870DC1FF5EAEB00544903 /* Assets.xcassets */,
				8F7870DE1FF5EAEB00544903 /* LaunchScreen.storyboard */,
				8F7870E11FF5EAEB00544903 /* Info.plist */,
			);
			path = SinaDemo;
			sourceTree = "<group>";
		};
		8F7870E71FF5EB4000544903 /* ViewModel */ = {
			isa = PBXGroup;
			children = (
			);
			path = ViewModel;
			sourceTree = "<group>";
		};
		8F7870E81FF5EB4000544903 /* Model */ = {
			isa = PBXGroup;
			children = (
			);
			path = Model;
			sourceTree = "<group>";
		};
		8F7870EE1FF5EBD900544903 /* ViewController */ = {
			isa = PBXGroup;
			children = (
				8F48AEFA1FFDD63200098A90 /* Tools */,
				8F7870F91FF5EC3B00544903 /* Main */,
				8F7870F81FF5EC3800544903 /* Home */,
				8F7870F51FF5EC1A00544903 /* Discover */,
				8F7870F31FF5EC1400544903 /* Message */,
				8F7870EF1FF5EBE300544903 /* Profile */,
			);
			path = ViewController;
			sourceTree = "<group>";
		};
		8F7870EF1FF5EBE300544903 /* Profile */ = {
			isa = PBXGroup;
			children = (
				8F7871061FF5EC9E00544903 /* View */,
				8F7871051FF5EC9C00544903 /* Controller */,
			);
			name = Profile;
			sourceTree = "<group>";
		};
		8F7870F31FF5EC1400544903 /* Message */ = {
			isa = PBXGroup;
			children = (
				8F7871041FF5EC9800544903 /* View */,
				8F7871031FF5EC9700544903 /* Controller */,
			);
			name = Message;
			sourceTree = "<group>";
		};
		8F7870F51FF5EC1A00544903 /* Discover */ = {
			isa = PBXGroup;
			children = (
				8F7871021FF5EC9500544903 /* View */,
				8F7871011FF5EC9300544903 /* Controller */,
			);
			name = Discover;
			sourceTree = "<group>";
		};
		8F7870F81FF5EC3800544903 /* Home */ = {
			isa = PBXGroup;
			children = (
				8F7871001FF5EC9000544903 /* View */,
				8F7870FF1FF5EC8E00544903 /* Controller */,
			);
			name = Home;
			sourceTree = "<group>";
		};
		8F7870F91FF5EC3B00544903 /* Main */ = {
			isa = PBXGroup;
			children = (
				8F7870FC1FF5EC7800544903 /* Controller */,
				8F7870FB1FF5EC6C00544903 /* View */,
			);
			name = Main;
			sourceTree = "<group>";
		};
		8F7870FB1FF5EC6C00544903 /* View */ = {
			isa = PBXGroup;
			children = (
				8F7871071FF5ED3E00544903 /* QWTabBar.swift */,
			);
			name = View;
			sourceTree = "<group>";
		};
		8F7870FC1FF5EC7800544903 /* Controller */ = {
			isa = PBXGroup;
			children = (
				8F48AEF81FFDD59E00098A90 /* QWNavigationController.swift */,
				8F48AF021FFDDA3100098A90 /* QWTabBarViewController.swift */,
			);
			name = Controller;
			sourceTree = "<group>";
		};
		8F7870FF1FF5EC8E00544903 /* Controller */ = {
			isa = PBXGroup;
			children = (
				8F48AF041FFDDAD000098A90 /* QWHomeTableViewController.swift */,
			);
			name = Controller;
			sourceTree = "<group>";
		};
		8F7871001FF5EC9000544903 /* View */ = {
			isa = PBXGroup;
			children = (
			);
			name = View;
			sourceTree = "<group>";
		};
		8F7871011FF5EC9300544903 /* Controller */ = {
			isa = PBXGroup;
			children = (
				8F48AF061FFDDAFF00098A90 /* QWDiscoverTableViewController.swift */,
			);
			name = Controller;
			sourceTree = "<group>";
		};
		8F7871021FF5EC9500544903 /* View */ = {
			isa = PBXGroup;
			children = (
			);
			name = View;
			sourceTree = "<group>";
		};
		8F7871031FF5EC9700544903 /* Controller */ = {
			isa = PBXGroup;
			children = (
				8F48AF081FFDDB1700098A90 /* QWMessageTableViewController.swift */,
			);
			name = Controller;
			sourceTree = "<group>";
		};
		8F7871041FF5EC9800544903 /* View */ = {
			isa = PBXGroup;
			children = (
			);
			name = View;
			sourceTree = "<group>";
		};
		8F7871051FF5EC9C00544903 /* Controller */ = {
			isa = PBXGroup;
			children = (
				8F48AF0A1FFDDB2500098A90 /* QWProfileTableViewController.swift */,
			);
			name = Controller;
			sourceTree = "<group>";
		};
		8F7871061FF5EC9E00544903 /* View */ = {
			isa = PBXGroup;
			children = (
			);
			name = View;
			sourceTree = "<group>";
		};
/* End PBXGroup section */

/* Begin PBXNativeTarget section */
		8F7870D11FF5EAEB00544903 /* SinaDemo */ = {
			isa = PBXNativeTarget;
			buildConfigurationList = 8F7870E41FF5EAEB00544903 /* Build configuration list for PBXNativeTarget "SinaDemo" */;
			buildPhases = (
				8F7870CE1FF5EAEB00544903 /* Sources */,
				8F7870CF1FF5EAEB00544903 /* Frameworks */,
				8F7870D01FF5EAEB00544903 /* Resources */,
			);
			buildRules = (
			);
			dependencies = (
			);
			name = SinaDemo;
			productName = SinaDemo;
			productReference = 8F7870D21FF5EAEB00544903 /* SinaDemo.app */;
			productType = "com.apple.product-type.application";
		};
/* End PBXNativeTarget section */

/* Begin PBXProject section */
		8F7870CA1FF5EAEB00544903 /* Project object */ = {
			isa = PBXProject;
			attributes = {
				CLASSPREFIX = QW;
				LastSwiftUpdateCheck = 0920;
				LastUpgradeCheck = 0920;
				ORGANIZATIONNAME = OneKeyV;
				TargetAttributes = {
					8F7870D11FF5EAEB00544903 = {
						CreatedOnToolsVersion = 9.2;
						ProvisioningStyle = Automatic;
					};
				};
			};
			buildConfigurationList = 8F7870CD1FF5EAEB00544903 /* Build configuration list for PBXProject "SinaDemo" */;
			compatibilityVersion = "Xcode 8.0";
			developmentRegion = en;
			hasScannedForEncodings = 0;
			knownRegions = (
				en,
				Base,
			);
			mainGroup = 8F7870C91FF5EAEB00544903;
			productRefGroup = 8F7870D31FF5EAEB00544903 /* Products */;
			projectDirPath = "";
			projectRoot = "";
			targets = (
				8F7870D11FF5EAEB00544903 /* SinaDemo */,
			);
		};
/* End PBXProject section */

/* Begin PBXResourcesBuildPhase section */
		8F7870D01FF5EAEB00544903 /* Resources */ = {
			isa = PBXResourcesBuildPhase;
			buildActionMask = 2147483647;
			files = (
				8F7870E01FF5EAEB00544903 /* LaunchScreen.storyboard in Resources */,
				8F7870DD1FF5EAEB00544903 /* Assets.xcassets in Resources */,
				8F7870DB1FF5EAEB00544903 /* Main.storyboard in Resources */,
			);
			runOnlyForDeploymentPostprocessing = 0;
		};
/* End PBXResourcesBuildPhase section */

/* Begin PBXSourcesBuildPhase section */
		8F7870CE1FF5EAEB00544903 /* Sources */ = {
			isa = PBXSourcesBuildPhase;
			buildActionMask = 2147483647;
			files = (
				8F48AF011FFDD6C000098A90 /* UIBarButtonItem+Extension.swift in Sources */,
				8F48AF071FFDDAFF00098A90 /* QWDiscoverTableViewController.swift in Sources */,
				8F48AF031FFDDA3100098A90 /* QWTabBarViewController.swift in Sources */,
				8F48AEF91FFDD59E00098A90 /* QWNavigationController.swift in Sources */,
				8F7871081FF5ED3E00544903 /* QWTabBar.swift in Sources */,
				8F48AF091FFDDB1700098A90 /* QWMessageTableViewController.swift in Sources */,
				8F48AF0B1FFDDB2500098A90 /* QWProfileTableViewController.swift in Sources */,
				8F48AF051FFDDAD000098A90 /* QWHomeTableViewController.swift in Sources */,
				8F7870D61FF5EAEB00544903 /* AppDelegate.swift in Sources */,
			);
			runOnlyForDeploymentPostprocessing = 0;
		};
/* End PBXSourcesBuildPhase section */

/* Begin PBXVariantGroup section */
		8F7870D91FF5EAEB00544903 /* Main.storyboard */ = {
			isa = PBXVariantGroup;
			children = (
				8F7870DA1FF5EAEB00544903 /* Base */,
			);
			name = Main.storyboard;
			sourceTree = "<group>";
		};
		8F7870DE1FF5EAEB00544903 /* LaunchScreen.storyboard */ = {
			isa = PBXVariantGroup;
			children = (
				8F7870DF1FF5EAEB00544903 /* Base */,
			);
			name = LaunchScreen.storyboard;
			sourceTree = "<group>";
		};
/* End PBXVariantGroup section */

/* Begin XCBuildConfiguration section */
		8F7870E21FF5EAEB00544903 /* Debug */ = {
			isa = XCBuildConfiguration;
			buildSettings = {
				ALWAYS_SEARCH_USER_PATHS = NO;
				CLANG_ANALYZER_NONNULL = YES;
				CLANG_ANALYZER_NUMBER_OBJECT_CONVERSION = YES_AGGRESSIVE;
				CLANG_CXX_LANGUAGE_STANDARD = "gnu++14";
				CLANG_CXX_LIBRARY = "libc++";
				CLANG_ENABLE_MODULES = YES;
				CLANG_ENABLE_OBJC_ARC = YES;
				CLANG_WARN_BLOCK_CAPTURE_AUTORELEASING = YES;
				CLANG_WARN_BOOL_CONVERSION = YES;
				CLANG_WARN_COMMA = YES;
				CLANG_WARN_CONSTANT_CONVERSION = YES;
				CLANG_WARN_DIRECT_OBJC_ISA_USAGE = YES_ERROR;
				CLANG_WARN_DOCUMENTATION_COMMENTS = YES;
				CLANG_WARN_EMPTY_BODY = YES;
				CLANG_WARN_ENUM_CONVERSION = YES;
				CLANG_WARN_INFINITE_RECURSION = YES;
				CLANG_WARN_INT_CONVERSION = YES;
				CLANG_WARN_NON_LITERAL_NULL_CONVERSION = YES;
				CLANG_WARN_OBJC_LITERAL_CONVERSION = YES;
				CLANG_WARN_OBJC_ROOT_CLASS = YES_ERROR;
				CLANG_WARN_RANGE_LOOP_ANALYSIS = YES;
				CLANG_WARN_STRICT_PROTOTYPES = YES;
				CLANG_WARN_SUSPICIOUS_MOVE = YES;
				CLANG_WARN_UNGUARDED_AVAILABILITY = YES_AGGRESSIVE;
				CLANG_WARN_UNREACHABLE_CODE = YES;
				CLANG_WARN__DUPLICATE_METHOD_MATCH = YES;
				CODE_SIGN_IDENTITY = "iPhone Developer";
				COPY_PHASE_STRIP = NO;
				DEBUG_INFORMATION_FORMAT = dwarf;
				ENABLE_STRICT_OBJC_MSGSEND = YES;
				ENABLE_TESTABILITY = YES;
				GCC_C_LANGUAGE_STANDARD = gnu11;
				GCC_DYNAMIC_NO_PIC = NO;
				GCC_NO_COMMON_BLOCKS = YES;
				GCC_OPTIMIZATION_LEVEL = 0;
				GCC_PREPROCESSOR_DEFINITIONS = (
					"DEBUG=1",
					"$(inherited)",
				);
				GCC_WARN_64_TO_32_BIT_CONVERSION = YES;
				GCC_WARN_ABOUT_RETURN_TYPE = YES_ERROR;
				GCC_WARN_UNDECLARED_SELECTOR = YES;
				GCC_WARN_UNINITIALIZED_AUTOS = YES_AGGRESSIVE;
				GCC_WARN_UNUSED_FUNCTION = YES;
				GCC_WARN_UNUSED_VARIABLE = YES;
				IPHONEOS_DEPLOYMENT_TARGET = 11.2;
				MTL_ENABLE_DEBUG_INFO = YES;
				ONLY_ACTIVE_ARCH = YES;
				SDKROOT = iphoneos;
				SWIFT_ACTIVE_COMPILATION_CONDITIONS = DEBUG;
				SWIFT_OPTIMIZATION_LEVEL = "-Onone";
			};
			name = Debug;
		};
		8F7870E31FF5EAEB00544903 /* Release */ = {
			isa = XCBuildConfiguration;
			buildSettings = {
				ALWAYS_SEARCH_USER_PATHS = NO;
				CLANG_ANALYZER_NONNULL = YES;
				CLANG_ANALYZER_NUMBER_OBJECT_CONVERSION = YES_AGGRESSIVE;
				CLANG_CXX_LANGUAGE_STANDARD = "gnu++14";
				CLANG_CXX_LIBRARY = "libc++";
				CLANG_ENABLE_MODULES = YES;
				CLANG_ENABLE_OBJC_ARC = YES;
				CLANG_WARN_BLOCK_CAPTURE_AUTORELEASING = YES;
				CLANG_WARN_BOOL_CONVERSION = YES;
				CLANG_WARN_COMMA = YES;
				CLANG_WARN_CONSTANT_CONVERSION = YES;
				CLANG_WARN_DIRECT_OBJC_ISA_USAGE = YES_ERROR;
				CLANG_WARN_DOCUMENTATION_COMMENTS = YES;
				CLANG_WARN_EMPTY_BODY = YES;
				CLANG_WARN_ENUM_CONVERSION = YES;
				CLANG_WARN_INFINITE_RECURSION = YES;
				CLANG_WARN_INT_CONVERSION = YES;
				CLANG_WARN_NON_LITERAL_NULL_CONVERSION = YES;
				CLANG_WARN_OBJC_LITERAL_CONVERSION = YES;
				CLANG_WARN_OBJC_ROOT_CLASS = YES_ERROR;
				CLANG_WARN_RANGE_LOOP_ANALYSIS = YES;
				CLANG_WARN_STRICT_PROTOTYPES = YES;
				CLANG_WARN_SUSPICIOUS_MOVE = YES;
				CLANG_WARN_UNGUARDED_AVAILABILITY = YES_AGGRESSIVE;
				CLANG_WARN_UNREACHABLE_CODE = YES;
				CLANG_WARN__DUPLICATE_METHOD_MATCH = YES;
				CODE_SIGN_IDENTITY = "iPhone Developer";
				COPY_PHASE_STRIP = NO;
				DEBUG_INFORMATION_FORMAT = "dwarf-with-dsym";
				ENABLE_NS_ASSERTIONS = NO;
				ENABLE_STRICT_OBJC_MSGSEND = YES;
				GCC_C_LANGUAGE_STANDARD = gnu11;
				GCC_NO_COMMON_BLOCKS = YES;
				GCC_WARN_64_TO_32_BIT_CONVERSION = YES;
				GCC_WARN_ABOUT_RETURN_TYPE = YES_ERROR;
				GCC_WARN_UNDECLARED_SELECTOR = YES;
				GCC_WARN_UNINITIALIZED_AUTOS = YES_AGGRESSIVE;
				GCC_WARN_UNUSED_FUNCTION = YES;
				GCC_WARN_UNUSED_VARIABLE = YES;
				IPHONEOS_DEPLOYMENT_TARGET = 11.2;
				MTL_ENABLE_DEBUG_INFO = NO;
				SDKROOT = iphoneos;
				SWIFT_OPTIMIZATION_LEVEL = "-Owholemodule";
				VALIDATE_PRODUCT = YES;
			};
			name = Release;
		};
		8F7870E51FF5EAEB00544903 /* Debug */ = {
			isa = XCBuildConfiguration;
			buildSettings = {
				ASSETCATALOG_COMPILER_APPICON_NAME = AppIcon;
				CODE_SIGN_STYLE = Automatic;
				INFOPLIST_FILE = SinaDemo/Info.plist;
				LD_RUNPATH_SEARCH_PATHS = "$(inherited) @executable_path/Frameworks";
				PRODUCT_BUNDLE_IDENTIFIER = OneKeyV.SinaDemo;
				PRODUCT_NAME = "$(TARGET_NAME)";
				SWIFT_VERSION = 4.0;
				TARGETED_DEVICE_FAMILY = "1,2";
			};
			name = Debug;
		};
		8F7870E61FF5EAEB00544903 /* Release */ = {
			isa = XCBuildConfiguration;
			buildSettings = {
				ASSETCATALOG_COMPILER_APPICON_NAME = AppIcon;
				CODE_SIGN_STYLE = Automatic;
				INFOPLIST_FILE = SinaDemo/Info.plist;
				LD_RUNPATH_SEARCH_PATHS = "$(inherited) @executable_path/Frameworks";
				PRODUCT_BUNDLE_IDENTIFIER = OneKeyV.SinaDemo;
				PRODUCT_NAME = "$(TARGET_NAME)";
				SWIFT_VERSION = 4.0;
				TARGETED_DEVICE_FAMILY = "1,2";
			};
			name = Release;
		};
/* End XCBuildConfiguration section */

/* Begin XCConfigurationList section */
		8F7870CD1FF5EAEB00544903 /* Build configuration list for PBXProject "SinaDemo" */ = {
			isa = XCConfigurationList;
			buildConfigurations = (
				8F7870E21FF5EAEB00544903 /* Debug */,
				8F7870E31FF5EAEB00544903 /* Release */,
			);
			defaultConfigurationIsVisible = 0;
			defaultConfigurationName = Release;
		};
		8F7870E41FF5EAEB00544903 /* Build configuration list for PBXNativeTarget "SinaDemo" */ = {
			isa = XCConfigurationList;
			buildConfigurations = (
				8F7870E51FF5EAEB00544903 /* Debug */,
				8F7870E61FF5EAEB00544903 /* Release */,
			);
			defaultConfigurationIsVisible = 0;
			defaultConfigurationName = Release;
		};
/* End XCConfigurationList section */
	};
	rootObject = 8F7870CA1FF5EAEB00544903 /* Project object */;
}
